
Microsoft Visual Studio Solution File, Format Version 12.00
# Visual Studio Version 17
VisualStudioVersion = 17.3.32505.426
MinimumVisualStudioVersion = 10.0.40219.1
Project("{FAE04EC0-301F-11D3-BF4B-00C04F79EFBC}") = "TPLDataflowExample", "TPLDataflowExample\TPLDataflowExample.csproj", "{4ED37B3D-B6E8-48BB-AB75-C7644F204486}"
EndProject
Global
	GlobalSection(SolutionConfigurationPlatforms) = preSolution
		Debug|Any CPU = Debug|Any CPU
		Release|Any CPU = Release|Any CPU
	EndGlobalSection
	GlobalSection(ProjectConfigurationPlatforms) = postSolution
		{4ED37B3D-B6E8-48BB-AB75-C7644F204486}.Debug|Any CPU.ActiveCfg = Debug|Any CPU
		{4ED37B3D-B6E8-48BB-AB75-C7644F204486}.Debug|Any CPU.Build.0 = Debug|Any CPU
		{4ED37B3D-B6E8-48BB-AB75-C7644F204486}.Release|Any CPU.ActiveCfg = Release|Any CPU
		{4ED37B3D-B6E8-48BB-AB75-C7644F204486}.Release|Any CPU.Build.0 = Release|Any CPU
	EndGlobalSection
	GlobalSection(SolutionProperties) = preSolution
		HideSolutionNode = FALSE
	EndGlobalSection
	GlobalSection(ExtensibilityGlobals) = postSolution
		SolutionGuid = {A5F09719-4583-48AE-BE07-B37F9C197B17}
	EndGlobalSection
EndGlobal
